
Microsoft Visual Studio Solution File, Format Version 12.00
# Visual Studio Version 17
VisualStudioVersion = 17.5.002.0
MinimumVisualStudioVersion = 10.0.40219.1
Project("{2150E333-8FDC-42A3-9474-1A3956D46DE8}") = "csharp-prep", "csharp-prep", "{3A41449C-4496-4AB7-B522-DDD1C8952EBA}"
EndProject
Project("{9A19103F-16F7-4668-BE54-9A1E7A4F7556}") = "Prep1", "csharp-prep\Prep1\Prep1.csproj", "{1EEB1023-8CF2-4AF5-B513-0EC995A9A63B}"
EndProject
Project("{9A19103F-16F7-4668-BE54-9A1E7A4F7556}") = "Prep2", "csharp-prep\Prep2-gradecalculations\Prep2.csproj", "{BFB98A8B-F519-4BCC-A975-F4DEAA670F23}"
EndProject
Project("{9A19103F-16F7-4668-BE54-9A1E7A4F7556}") = "Prep3", "csharp-prep\Prep3\Prep3.csproj", "{71E2331F-AF9C-4760-B667-1DDB5FFF5BAF}"
EndProject
Project("{9A19103F-16F7-4668-BE54-9A1E7A4F7556}") = "Prep4", "csharp-prep\Prep4\Prep4.csproj", "{33F34CD7-976E-47E0-B506-76D2A60F13C1}"
EndProject
Project("{9A19103F-16F7-4668-BE54-9A1E7A4F7556}") = "Prep5", "csharp-prep\Prep5\Prep5.csproj", "{FF6E5C9E-0108-4593-BCEB-56019342B890}"
EndProject
Project("{2150E333-8FDC-42A3-9474-1A3956D46DE8}") = "final", "final", "{B5292305-BE95-4C5C-91DE-37B7DCCFE2BA}"
EndProject
Project("{9A19103F-16F7-4668-BE54-9A1E7A4F7556}") = "FinalProject", "final\FinalProject\FinalProject.csproj", "{EF7AA070-0981-46BE-9486-8F811765BB9F}"
EndProject
Project("{9A19103F-16F7-4668-BE54-9A1E7A4F7556}") = "Foundation1", "final\Foundation1\Foundation1.csproj", "{A007E2BE-7083-4811-9E6C-5E55E60CD266}"
EndProject
Project("{9A19103F-16F7-4668-BE54-9A1E7A4F7556}") = "Foundation2", "final\Foundation2\Foundation2.csproj", "{9E2B7E0D-5236-4A41-A353-C9050D165A08}"
EndProject
Project("{9A19103F-16F7-4668-BE54-9A1E7A4F7556}") = "Foundation3", "final\Foundation3\Foundation3.csproj", "{AE4447F4-AF7B-45AF-8ADD-D5A79B3315DB}"
EndProject
Project("{9A19103F-16F7-4668-BE54-9A1E7A4F7556}") = "Foundation4", "final\Foundation4\Foundation4.csproj", "{124194F9-F849-4B3E-AE7D-015CB8430D74}"
EndProject
Project("{2150E333-8FDC-42A3-9474-1A3956D46DE8}") = "prepare", "prepare", "{9133C527-3D25-4F2C-A342-A15BCCBA6A35}"
EndProject
Project("{9A19103F-16F7-4668-BE54-9A1E7A4F7556}") = "Learning02", "prepare\Learning02\Learning02.csproj", "{0936AEDA-AB45-431A-985B-E634A5BBF313}"
EndProject
Project("{9A19103F-16F7-4668-BE54-9A1E7A4F7556}") = "Learning03", "prepare\Learning03\Learning03.csproj", "{9F118A31-C10D-49FE-A167-0653E156D97B}"
EndProject
Project("{9A19103F-16F7-4668-BE54-9A1E7A4F7556}") = "Learning04", "prepare\Learning04\Learning04.csproj", "{CA68B658-50A9-4561-8C0B-EEE4B36B4ACC}"
EndProject
Project("{9A19103F-16F7-4668-BE54-9A1E7A4F7556}") = "Learning05", "prepare\Learning05\Learning05.csproj", "{771CD566-6F8C-4026-AF17-8A35CD188DCE}"
EndProject
Project("{2150E333-8FDC-42A3-9474-1A3956D46DE8}") = "prove", "prove", "{512AEEF1-8445-48AB-8D6E-BEE1011FE687}"
EndProject
Project("{9A19103F-16F7-4668-BE54-9A1E7A4F7556}") = "Develop02", "prove\Develop02\Develop02.csproj", "{C90A7645-94AF-41BD-BA25-8AA586FCAED7}"
EndProject
Project("{9A19103F-16F7-4668-BE54-9A1E7A4F7556}") = "Develop03", "prove\Develop03\Develop03.csproj", "{3B28FA8A-50AF-48BA-B8D0-955178FCFAB4}"
EndProject
Project("{9A19103F-16F7-4668-BE54-9A1E7A4F7556}") = "Develop04", "prove\Develop04\Develop04.csproj", "{9A3D5EB9-0B69-42DF-9569-9C2377C26278}"
EndProject
Project("{9A19103F-16F7-4668-BE54-9A1E7A4F7556}") = "Develop05", "prove\Develop05\Develop05.csproj", "{9CB56B17-E1CC-4F5C-ADC3-06E4A5A20A29}"
EndProject
Project("{2150E333-8FDC-42A3-9474-1A3956D46DE8}") = "sandbox", "sandbox", "{69BEA6EE-85FA-4AE0-A85C-E69C43C7E70D}"
EndProject
Project("{9A19103F-16F7-4668-BE54-9A1E7A4F7556}") = "Sandbox", "sandbox\Sandbox\Sandbox.csproj", "{D22E9102-93E0-40F2-B209-32A9A7181747}"
EndProject
Global
	GlobalSection(SolutionConfigurationPlatforms) = preSolution
		Debug|Any CPU = Debug|Any CPU
		Release|Any CPU = Release|Any CPU
	EndGlobalSection
	GlobalSection(ProjectConfigurationPlatforms) = postSolution
		{1EEB1023-8CF2-4AF5-B513-0EC995A9A63B}.Debug|Any CPU.ActiveCfg = Debug|Any CPU
		{1EEB1023-8CF2-4AF5-B513-0EC995A9A63B}.Debug|Any CPU.Build.0 = Debug|Any CPU
		{1EEB1023-8CF2-4AF5-B513-0EC995A9A63B}.Release|Any CPU.ActiveCfg = Release|Any CPU
		{1EEB1023-8CF2-4AF5-B513-0EC995A9A63B}.Release|Any CPU.Build.0 = Release|Any CPU
		{BFB98A8B-F519-4BCC-A975-F4DEAA670F23}.Debug|Any CPU.ActiveCfg = Debug|Any CPU
		{BFB98A8B-F519-4BCC-A975-F4DEAA670F23}.Debug|Any CPU.Build.0 = Debug|Any CPU
		{BFB98A8B-F519-4BCC-A975-F4DEAA670F23}.Release|Any CPU.ActiveCfg = Release|Any CPU
		{BFB98A8B-F519-4BCC-A975-F4DEAA670F23}.Release|Any CPU.Build.0 = Release|Any CPU
		{71E2331F-AF9C-4760-B667-1DDB5FFF5BAF}.Debug|Any CPU.ActiveCfg = Debug|Any CPU
		{71E2331F-AF9C-4760-B667-1DDB5FFF5BAF}.Debug|Any CPU.Build.0 = Debug|Any CPU
		{71E2331F-AF9C-4760-B667-1DDB5FFF5BAF}.Release|Any CPU.ActiveCfg = Release|Any CPU
		{71E2331F-AF9C-4760-B667-1DDB5FFF5BAF}.Release|Any CPU.Build.0 = Release|Any CPU
		{33F34CD7-976E-47E0-B506-76D2A60F13C1}.Debug|Any CPU.ActiveCfg = Debug|Any CPU
		{33F34CD7-976E-47E0-B506-76D2A60F13C1}.Debug|Any CPU.Build.0 = Debug|Any CPU
		{33F34CD7-976E-47E0-B506-76D2A60F13C1}.Release|Any CPU.ActiveCfg = Release|Any CPU
		{33F34CD7-976E-47E0-B506-76D2A60F13C1}.Release|Any CPU.Build.0 = Release|Any CPU
		{FF6E5C9E-0108-4593-BCEB-56019342B890}.Debug|Any CPU.ActiveCfg = Debug|Any CPU
		{FF6E5C9E-0108-4593-BCEB-56019342B890}.Debug|Any CPU.Build.0 = Debug|Any CPU
		{FF6E5C9E-0108-4593-BCEB-56019342B890}.Release|Any CPU.ActiveCfg = Release|Any CPU
		{FF6E5C9E-0108-4593-BCEB-56019342B890}.Release|Any CPU.Build.0 = Release|Any CPU
		{EF7AA070-0981-46BE-9486-8F811765BB9F}.Debug|Any CPU.ActiveCfg = Debug|Any CPU
		{EF7AA070-0981-46BE-9486-8F811765BB9F}.Debug|Any CPU.Build.0 = Debug|Any CPU
		{EF7AA070-0981-46BE-9486-8F811765BB9F}.Release|Any CPU.ActiveCfg = Release|Any CPU
		{EF7AA070-0981-46BE-9486-8F811765BB9F}.Release|Any CPU.Build.0 = Release|Any CPU
		{A007E2BE-7083-4811-9E6C-5E55E60CD266}.Debug|Any CPU.ActiveCfg = Debug|Any CPU
		{A007E2BE-7083-4811-9E6C-5E55E60CD266}.Debug|Any CPU.Build.0 = Debug|Any CPU
		{A007E2BE-7083-4811-9E6C-5E55E60CD266}.Release|Any CPU.ActiveCfg = Release|Any CPU
		{A007E2BE-7083-4811-9E6C-5E55E60CD266}.Release|Any CPU.Build.0 = Release|Any CPU
		{9E2B7E0D-5236-4A41-A353-C9050D165A08}.Debug|Any CPU.ActiveCfg = Debug|Any CPU
		{9E2B7E0D-5236-4A41-A353-C9050D165A08}.Debug|Any CPU.Build.0 = Debug|Any CPU
		{9E2B7E0D-5236-4A41-A353-C9050D165A08}.Release|Any CPU.ActiveCfg = Release|Any CPU
		{9E2B7E0D-5236-4A41-A353-C9050D165A08}.Release|Any CPU.Build.0 = Release|Any CPU
		{AE4447F4-AF7B-45AF-8ADD-D5A79B3315DB}.Debug|Any CPU.ActiveCfg = Debug|Any CPU
		{AE4447F4-AF7B-45AF-8ADD-D5A79B3315DB}.Debug|Any CPU.Build.0 = Debug|Any CPU
		{AE4447F4-AF7B-45AF-8ADD-D5A79B3315DB}.Release|Any CPU.ActiveCfg = Release|Any CPU
		{AE4447F4-AF7B-45AF-8ADD-D5A79B3315DB}.Release|Any CPU.Build.0 = Release|Any CPU
		{124194F9-F849-4B3E-AE7D-015CB8430D74}.Debug|Any CPU.ActiveCfg = Debug|Any CPU
		{124194F9-F849-4B3E-AE7D-015CB8430D74}.Debug|Any CPU.Build.0 = Debug|Any CPU
		{124194F9-F849-4B3E-AE7D-015CB8430D74}.Release|Any CPU.ActiveCfg = Release|Any CPU
		{124194F9-F849-4B3E-AE7D-015CB8430D74}.Release|Any CPU.Build.0 = Release|Any CPU
		{0936AEDA-AB45-431A-985B-E634A5BBF313}.Debug|Any CPU.ActiveCfg = Debug|Any CPU
		{0936AEDA-AB45-431A-985B-E634A5BBF313}.Debug|Any CPU.Build.0 = Debug|Any CPU
		{0936AEDA-AB45-431A-985B-E634A5BBF313}.Release|Any CPU.ActiveCfg = Release|Any CPU
		{0936AEDA-AB45-431A-985B-E634A5BBF313}.Release|Any CPU.Build.0 = Release|Any CPU
		{9F118A31-C10D-49FE-A167-0653E156D97B}.Debug|Any CPU.ActiveCfg = Debug|Any CPU
		{9F118A31-C10D-49FE-A167-0653E156D97B}.Debug|Any CPU.Build.0 = Debug|Any CPU
		{9F118A31-C10D-49FE-A167-0653E156D97B}.Release|Any CPU.ActiveCfg = Release|Any CPU
		{9F118A31-C10D-49FE-A167-0653E156D97B}.Release|Any CPU.Build.0 = Release|Any CPU
		{CA68B658-50A9-4561-8C0B-EEE4B36B4ACC}.Debug|Any CPU.ActiveCfg = Debug|Any CPU
		{CA68B658-50A9-4561-8C0B-EEE4B36B4ACC}.Debug|Any CPU.Build.0 = Debug|Any CPU
		{CA68B658-50A9-4561-8C0B-EEE4B36B4ACC}.Release|Any CPU.ActiveCfg = Release|Any CPU
		{CA68B658-50A9-4561-8C0B-EEE4B36B4ACC}.Release|Any CPU.Build.0 = Release|Any CPU
		{771CD566-6F8C-4026-AF17-8A35CD188DCE}.Debug|Any CPU.ActiveCfg = Debug|Any CPU
		{771CD566-6F8C-4026-AF17-8A35CD188DCE}.Debug|Any CPU.Build.0 = Debug|Any CPU
		{771CD566-6F8C-4026-AF17-8A35CD188DCE}.Release|Any CPU.ActiveCfg = Release|Any CPU
		{771CD566-6F8C-4026-AF17-8A35CD188DCE}.Release|Any CPU.Build.0 = Release|Any CPU
		{C90A7645-94AF-41BD-BA25-8AA586FCAED7}.Debug|Any CPU.ActiveCfg = Debug|Any CPU
		{C90A7645-94AF-41BD-BA25-8AA586FCAED7}.Debug|Any CPU.Build.0 = Debug|Any CPU
		{C90A7645-94AF-41BD-BA25-8AA586FCAED7}.Release|Any CPU.ActiveCfg = Release|Any CPU
		{C90A7645-94AF-41BD-BA25-8AA586FCAED7}.Release|Any CPU.Build.0 = Release|Any CPU
		{3B28FA8A-50AF-48BA-B8D0-955178FCFAB4}.Debug|Any CPU.ActiveCfg = Debug|Any CPU
		{3B28FA8A-50AF-48BA-B8D0-955178FCFAB4}.Debug|Any CPU.Build.0 = Debug|Any CPU
		{3B28FA8A-50AF-48BA-B8D0-955178FCFAB4}.Release|Any CPU.ActiveCfg = Release|Any CPU
		{3B28FA8A-50AF-48BA-B8D0-955178FCFAB4}.Release|Any CPU.Build.0 = Release|Any CPU
		{9A3D5EB9-0B69-42DF-9569-9C2377C26278}.Debug|Any CPU.ActiveCfg = Debug|Any CPU
		{9A3D5EB9-0B69-42DF-9569-9C2377C26278}.Debug|Any CPU.Build.0 = Debug|Any CPU
		{9A3D5EB9-0B69-42DF-9569-9C2377C26278}.Release|Any CPU.ActiveCfg = Release|Any CPU
		{9A3D5EB9-0B69-42DF-9569-9C2377C26278}.Release|Any CPU.Build.0 = Release|Any CPU
		{9CB56B17-E1CC-4F5C-ADC3-06E4A5A20A29}.Debug|Any CPU.ActiveCfg = Debug|Any CPU
		{9CB56B17-E1CC-4F5C-ADC3-06E4A5A20A29}.Debug|Any CPU.Build.0 = Debug|Any CPU
		{9CB56B17-E1CC-4F5C-ADC3-06E4A5A20A29}.Release|Any CPU.ActiveCfg = Release|Any CPU
		{9CB56B17-E1CC-4F5C-ADC3-06E4A5A20A29}.Release|Any CPU.Build.0 = Release|Any CPU
		{D22E9102-93E0-40F2-B209-32A9A7181747}.Debug|Any CPU.ActiveCfg = Debug|Any CPU
		{D22E9102-93E0-40F2-B209-32A9A7181747}.Debug|Any CPU.Build.0 = Debug|Any CPU
		{D22E9102-93E0-40F2-B209-32A9A7181747}.Release|Any CPU.ActiveCfg = Release|Any CPU
		{D22E9102-93E0-40F2-B209-32A9A7181747}.Release|Any CPU.Build.0 = Release|Any CPU
	EndGlobalSection
	GlobalSection(SolutionProperties) = preSolution
		HideSolutionNode = FALSE
	EndGlobalSection
	GlobalSection(NestedProjects) = preSolution
		{1EEB1023-8CF2-4AF5-B513-0EC995A9A63B} = {3A41449C-4496-4AB7-B522-DDD1C8952EBA}
		{BFB98A8B-F519-4BCC-A975-F4DEAA670F23} = {3A41449C-4496-4AB7-B522-DDD1C8952EBA}
		{71E2331F-AF9C-4760-B667-1DDB5FFF5BAF} = {3A41449C-4496-4AB7-B522-DDD1C8952EBA}
		{33F34CD7-976E-47E0-B506-76D2A60F13C1} = {3A41449C-4496-4AB7-B522-DDD1C8952EBA}
		{FF6E5C9E-0108-4593-BCEB-56019342B890} = {3A41449C-4496-4AB7-B522-DDD1C8952EBA}
		{EF7AA070-0981-46BE-9486-8F811765BB9F} = {B5292305-BE95-4C5C-91DE-37B7DCCFE2BA}
		{A007E2BE-7083-4811-9E6C-5E55E60CD266} = {B5292305-BE95-4C5C-91DE-37B7DCCFE2BA}
		{9E2B7E0D-5236-4A41-A353-C9050D165A08} = {B5292305-BE95-4C5C-91DE-37B7DCCFE2BA}
		{AE4447F4-AF7B-45AF-8ADD-D5A79B3315DB} = {B5292305-BE95-4C5C-91DE-37B7DCCFE2BA}
		{124194F9-F849-4B3E-AE7D-015CB8430D74} = {B5292305-BE95-4C5C-91DE-37B7DCCFE2BA}
		{0936AEDA-AB45-431A-985B-E634A5BBF313} = {9133C527-3D25-4F2C-A342-A15BCCBA6A35}
		{9F118A31-C10D-49FE-A167-0653E156D97B} = {9133C527-3D25-4F2C-A342-A15BCCBA6A35}
		{CA68B658-50A9-4561-8C0B-EEE4B36B4ACC} = {9133C527-3D25-4F2C-A342-A15BCCBA6A35}
		{771CD566-6F8C-4026-AF17-8A35CD188DCE} = {9133C527-3D25-4F2C-A342-A15BCCBA6A35}
		{C90A7645-94AF-41BD-BA25-8AA586FCAED7} = {512AEEF1-8445-48AB-8D6E-BEE1011FE687}
		{3B28FA8A-50AF-48BA-B8D0-955178FCFAB4} = {512AEEF1-8445-48AB-8D6E-BEE1011FE687}
		{9A3D5EB9-0B69-42DF-9569-9C2377C26278} = {512AEEF1-8445-48AB-8D6E-BEE1011FE687}
		{9CB56B17-E1CC-4F5C-ADC3-06E4A5A20A29} = {512AEEF1-8445-48AB-8D6E-BEE1011FE687}
		{D22E9102-93E0-40F2-B209-32A9A7181747} = {69BEA6EE-85FA-4AE0-A85C-E69C43C7E70D}
	EndGlobalSection
	GlobalSection(ExtensibilityGlobals) = postSolution
		SolutionGuid = {01268DBC-F414-455E-9B88-6A2D0C08F13F}
	EndGlobalSection
EndGlobal
